// !$*UTF8*$!
{
	archiveVersion = 1;
	classes = {
	};
	objectVersion = 50;
	objects = {

/* Begin PBXBuildFile section */
		620E42902440735F00885A2F /* AppDelegate.swift in Sources */ = {isa = PBXBuildFile; fileRef = 620E428F2440735F00885A2F /* AppDelegate.swift */; };
		620E42922440735F00885A2F /* ViewController.swift in Sources */ = {isa = PBXBuildFile; fileRef = 620E42912440735F00885A2F /* ViewController.swift */; };
		620E42952440735F00885A2F /* Main.storyboard in Resources */ = {isa = PBXBuildFile; fileRef = 620E42932440735F00885A2F /* Main.storyboard */; };
		620E42972440736200885A2F /* Assets.xcassets in Resources */ = {isa = PBXBuildFile; fileRef = 620E42962440736200885A2F /* Assets.xcassets */; };
		620E429A2440736200885A2F /* LaunchScreen.storyboard in Resources */ = {isa = PBXBuildFile; fileRef = 620E42982440736200885A2F /* LaunchScreen.storyboard */; };
		620E42A424407F5000885A2F /* MovieModel.swift in Sources */ = {isa = PBXBuildFile; fileRef = 620E42A324407F5000885A2F /* MovieModel.swift */; };
		624C17DF2440809C0089EB1D /* Service.swift in Sources */ = {isa = PBXBuildFile; fileRef = 624C17DE2440809C0089EB1D /* Service.swift */; };
		624C17E224408BC20089EB1D /* MovieViewModel.swift in Sources */ = {isa = PBXBuildFile; fileRef = 624C17E124408BC20089EB1D /* MovieViewModel.swift */; };
/* End PBXBuildFile section */

/* Begin PBXFileReference section */
		620E428C2440735F00885A2F /* MvvmProject.app */ = {isa = PBXFileReference; explicitFileType = wrapper.application; includeInIndex = 0; path = MvvmProject.app; sourceTree = BUILT_PRODUCTS_DIR; };
		620E428F2440735F00885A2F /* AppDelegate.swift */ = {isa = PBXFileReference; lastKnownFileType = sourcecode.swift; path = AppDelegate.swift; sourceTree = "<group>"; };
		620E42912440735F00885A2F /* ViewController.swift */ = {isa = PBXFileReference; lastKnownFileType = sourcecode.swift; path = ViewController.swift; sourceTree = "<group>"; };
		620E42942440735F00885A2F /* Base */ = {isa = PBXFileReference; lastKnownFileType = file.storyboard; name = Base; path = Base.lproj/Main.storyboard; sourceTree = "<group>"; };
		620E42962440736200885A2F /* Assets.xcassets */ = {isa = PBXFileReference; lastKnownFileType = folder.assetcatalog; path = Assets.xcassets; sourceTree = "<group>"; };
		620E42992440736200885A2F /* Base */ = {isa = PBXFileReference; lastKnownFileType = file.storyboard; name = Base; path = Base.lproj/LaunchScreen.storyboard; sourceTree = "<group>"; };
		620E429B2440736200885A2F /* Info.plist */ = {isa = PBXFileReference; lastKnownFileType = text.plist.xml; path = Info.plist; sourceTree = "<group>"; };
		620E42A324407F5000885A2F /* MovieModel.swift */ = {isa = PBXFileReference; lastKnownFileType = sourcecode.swift; path = MovieModel.swift; sourceTree = "<group>"; };
		624C17DE2440809C0089EB1D /* Service.swift */ = {isa = PBXFileReference; lastKnownFileType = sourcecode.swift; path = Service.swift; sourceTree = "<group>"; };
		624C17E124408BC20089EB1D /* MovieViewModel.swift */ = {isa = PBXFileReference; lastKnownFileType = sourcecode.swift; path = MovieViewModel.swift; sourceTree = "<group>"; };
/* End PBXFileReference section */

/* Begin PBXFrameworksBuildPhase section */
		620E42892440735F00885A2F /* Frameworks */ = {
			isa = PBXFrameworksBuildPhase;
			buildActionMask = 2147483647;
			files = (
			);
			runOnlyForDeploymentPostprocessing = 0;
		};
/* End PBXFrameworksBuildPhase section */

/* Begin PBXGroup section */
		620E42832440735F00885A2F = {
			isa = PBXGroup;
			children = (
				620E428E2440735F00885A2F /* MvvmProject */,
				620E428D2440735F00885A2F /* Products */,
			);
			sourceTree = "<group>";
		};
		620E428D2440735F00885A2F /* Products */ = {
			isa = PBXGroup;
			children = (
				620E428C2440735F00885A2F /* MvvmProject.app */,
			);
			name = Products;
			sourceTree = "<group>";
		};
		620E428E2440735F00885A2F /* MvvmProject */ = {
			isa = PBXGroup;
			children = (
				624C17E324408CD40089EB1D /* Controller */,
				624C17E024408B890089EB1D /* View Model */,
				620E42A224407F2800885A2F /* Model */,
				620E42A124407EF500885A2F /* Service */,
				620E428F2440735F00885A2F /* AppDelegate.swift */,
				620E42932440735F00885A2F /* Main.storyboard */,
				620E42962440736200885A2F /* Assets.xcassets */,
				620E42982440736200885A2F /* LaunchScreen.storyboard */,
				620E429B2440736200885A2F /* Info.plist */,
			);
			path = MvvmProject;
			sourceTree = "<group>";
		};
		620E42A124407EF500885A2F /* Service */ = {
			isa = PBXGroup;
			children = (
				624C17DE2440809C0089EB1D /* Service.swift */,
			);
			path = Service;
			sourceTree = "<group>";
		};
		620E42A224407F2800885A2F /* Model */ = {
			isa = PBXGroup;
			children = (
				620E42A324407F5000885A2F /* MovieModel.swift */,
			);
			path = Model;
			sourceTree = "<group>";
		};
		624C17E024408B890089EB1D /* View Model */ = {
			isa = PBXGroup;
			children = (
				624C17E124408BC20089EB1D /* MovieViewModel.swift */,
			);
			path = "View Model";
			sourceTree = "<group>";
		};
		624C17E324408CD40089EB1D /* Controller */ = {
			isa = PBXGroup;
			children = (
				620E42912440735F00885A2F /* ViewController.swift */,
			);
			path = Controller;
			sourceTree = "<group>";
		};
/* End PBXGroup section */

/* Begin PBXNativeTarget section */
		620E428B2440735F00885A2F /* MvvmProject */ = {
			isa = PBXNativeTarget;
			buildConfigurationList = 620E429E2440736200885A2F /* Build configuration list for PBXNativeTarget "MvvmProject" */;
			buildPhases = (
				620E42882440735F00885A2F /* Sources */,
				620E42892440735F00885A2F /* Frameworks */,
				620E428A2440735F00885A2F /* Resources */,
			);
			buildRules = (
			);
			dependencies = (
			);
			name = MvvmProject;
			productName = MvvmProject;
			productReference = 620E428C2440735F00885A2F /* MvvmProject.app */;
			productType = "com.apple.product-type.application";
		};
/* End PBXNativeTarget section */

/* Begin PBXProject section */
		620E42842440735F00885A2F /* Project object */ = {
			isa = PBXProject;
			attributes = {
				LastSwiftUpdateCheck = 1020;
				LastUpgradeCheck = 1020;
				ORGANIZATIONNAME = ravindraB;
				TargetAttributes = {
					620E428B2440735F00885A2F = {
						CreatedOnToolsVersion = 10.2;
					};
				};
			};
			buildConfigurationList = 620E42872440735F00885A2F /* Build configuration list for PBXProject "MvvmProject" */;
			compatibilityVersion = "Xcode 9.3";
			developmentRegion = en;
			hasScannedForEncodings = 0;
			knownRegions = (
				en,
				Base,
			);
			mainGroup = 620E42832440735F00885A2F;
			productRefGroup = 620E428D2440735F00885A2F /* Products */;
			projectDirPath = "";
			projectRoot = "";
			targets = (
				620E428B2440735F00885A2F /* MvvmProject */,
			);
		};
/* End PBXProject section */

/* Begin PBXResourcesBuildPhase section */
		620E428A2440735F00885A2F /* Resources */ = {
			isa = PBXResourcesBuildPhase;
			buildActionMask = 2147483647;
			files = (
				620E429A2440736200885A2F /* LaunchScreen.storyboard in Resources */,
				620E42972440736200885A2F /* Assets.xcassets in Resources */,
				620E42952440735F00885A2F /* Main.storyboard in Resources */,
			);
			runOnlyForDeploymentPostprocessing = 0;
		};
/* End PBXResourcesBuildPhase section */

/* Begin PBXSourcesBuildPhase section */
		620E42882440735F00885A2F /* Sources */ = {
			isa = PBXSourcesBuildPhase;
			buildActionMask = 2147483647;
			files = (
				620E42A424407F5000885A2F /* MovieModel.swift in Sources */,
				624C17E224408BC20089EB1D /* MovieViewModel.swift in Sources */,
				624C17DF2440809C0089EB1D /* Service.swift in Sources */,
				620E42922440735F00885A2F /* ViewController.swift in Sources */,
				620E42902440735F00885A2F /* AppDelegate.swift in Sources */,
			);
			runOnlyForDeploymentPostprocessing = 0;
		};
/* End PBXSourcesBuildPhase section */

/* Begin PBXVariantGroup section */
		620E42932440735F00885A2F /* Main.storyboard */ = {
			isa = PBXVariantGroup;
			children = (
				620E42942440735F00885A2F /* Base */,
			);
			name = Main.storyboard;
			sourceTree = "<group>";
		};
		620E42982440736200885A2F /* LaunchScreen.storyboard */ = {
			isa = PBXVariantGroup;
			children = (
				620E42992440736200885A2F /* Base */,
			);
			name = LaunchScreen.storyboard;
			sourceTree = "<group>";
		};
/* End PBXVariantGroup section */

/* Begin XCBuildConfiguration section */
		620E429C2440736200885A2F /* Debug */ = {
			isa = XCBuildConfiguration;
			buildSettings = {
				ALWAYS_SEARCH_USER_PATHS = NO;
				CLANG_ANALYZER_NONNULL = YES;
				CLANG_ANALYZER_NUMBER_OBJECT_CONVERSION = YES_AGGRESSIVE;
				CLANG_CXX_LANGUAGE_STANDARD = "gnu++14";
				CLANG_CXX_LIBRARY = "libc++";
				CLANG_ENABLE_MODULES = YES;
				CLANG_ENABLE_OBJC_ARC = YES;
				CLANG_ENABLE_OBJC_WEAK = YES;
				CLANG_WARN_BLOCK_CAPTURE_AUTORELEASING = YES;
				CLANG_WARN_BOOL_CONVERSION = YES;
				CLANG_WARN_COMMA = YES;
				CLANG_WARN_CONSTANT_CONVERSION = YES;
				CLANG_WARN_DEPRECATED_OBJC_IMPLEMENTATIONS = YES;
				CLANG_WARN_DIRECT_OBJC_ISA_USAGE = YES_ERROR;
				CLANG_WARN_DOCUMENTATION_COMMENTS = YES;
				CLANG_WARN_EMPTY_BODY = YES;
				CLANG_WARN_ENUM_CONVERSION = YES;
				CLANG_WARN_INFINITE_RECURSION = YES;
				CLANG_WARN_INT_CONVERSION = YES;
				CLANG_WARN_NON_LITERAL_NULL_CONVERSION = YES;
				CLANG_WARN_OBJC_IMPLICIT_RETAIN_SELF = YES;
				CLANG_WARN_OBJC_LITERAL_CONVERSION = YES;
				CLANG_WARN_OBJC_ROOT_CLASS = YES_ERROR;
				CLANG_WARN_RANGE_LOOP_ANALYSIS = YES;
				CLANG_WARN_STRICT_PROTOTYPES = YES;
				CLANG_WARN_SUSPICIOUS_MOVE = YES;
				CLANG_WARN_UNGUARDED_AVAILABILITY = YES_AGGRESSIVE;
				CLANG_WARN_UNREACHABLE_CODE = YES;
				CLANG_WARN__DUPLICATE_METHOD_MATCH = YES;
				CODE_SIGN_IDENTITY = "iPhone Developer";
				COPY_PHASE_STRIP = NO;
				DEBUG_INFORMATION_FORMAT = dwarf;
				ENABLE_STRICT_OBJC_MSGSEND = YES;
				ENABLE_TESTABILITY = YES;
				GCC_C_LANGUAGE_STANDARD = gnu11;
				GCC_DYNAMIC_NO_PIC = NO;
				GCC_NO_COMMON_BLOCKS = YES;
				GCC_OPTIMIZATION_LEVEL = 0;
				GCC_PREPROCESSOR_DEFINITIONS = (
					"DEBUG=1",
					"$(inherited)",
				);
				GCC_WARN_64_TO_32_BIT_CONVERSION = YES;
				GCC_WARN_ABOUT_RETURN_TYPE = YES_ERROR;
				GCC_WARN_UNDECLARED_SELECTOR = YES;
				GCC_WARN_UNINITIALIZED_AUTOS = YES_AGGRESSIVE;
				GCC_WARN_UNUSED_FUNCTION = YES;
				GCC_WARN_UNUSED_VARIABLE = YES;
				IPHONEOS_DEPLOYMENT_TARGET = 12.2;
				MTL_ENABLE_DEBUG_INFO = INCLUDE_SOURCE;
				MTL_FAST_MATH = YES;
				ONLY_ACTIVE_ARCH = YES;
				SDKROOT = iphoneos;
				SWIFT_ACTIVE_COMPILATION_CONDITIONS = DEBUG;
				SWIFT_OPTIMIZATION_LEVEL = "-Onone";
			};
			name = Debug;
		};
		620E429D2440736200885A2F /* Release */ = {
			isa = XCBuildConfiguration;
			buildSettings = {
				ALWAYS_SEARCH_USER_PATHS = NO;
				CLANG_ANALYZER_NONNULL = YES;
				CLANG_ANALYZER_NUMBER_OBJECT_CONVERSION = YES_AGGRESSIVE;
				CLANG_CXX_LANGUAGE_STANDARD = "gnu++14";
				CLANG_CXX_LIBRARY = "libc++";
				CLANG_ENABLE_MODULES = YES;
				CLANG_ENABLE_OBJC_ARC = YES;
				CLANG_ENABLE_OBJC_WEAK = YES;
				CLANG_WARN_BLOCK_CAPTURE_AUTORELEASING = YES;
				CLANG_WARN_BOOL_CONVERSION = YES;
				CLANG_WARN_COMMA = YES;
				CLANG_WARN_CONSTANT_CONVERSION = YES;
				CLANG_WARN_DEPRECATED_OBJC_IMPLEMENTATIONS = YES;
				CLANG_WARN_DIRECT_OBJC_ISA_USAGE = YES_ERROR;
				CLANG_WARN_DOCUMENTATION_COMMENTS = YES;
				CLANG_WARN_EMPTY_BODY = YES;
				CLANG_WARN_ENUM_CONVERSION = YES;
				CLANG_WARN_INFINITE_RECURSION = YES;
				CLANG_WARN_INT_CONVERSION = YES;
				CLANG_WARN_NON_LITERAL_NULL_CONVERSION = YES;
				CLANG_WARN_OBJC_IMPLICIT_RETAIN_SELF = YES;
				CLANG_WARN_OBJC_LITERAL_CONVERSION = YES;
				CLANG_WARN_OBJC_ROOT_CLASS = YES_ERROR;
				CLANG_WARN_RANGE_LOOP_ANALYSIS = YES;
				CLANG_WARN_STRICT_PROTOTYPES = YES;
				CLANG_WARN_SUSPICIOUS_MOVE = YES;
				CLANG_WARN_UNGUARDED_AVAILABILITY = YES_AGGRESSIVE;
				CLANG_WARN_UNREACHABLE_CODE = YES;
				CLANG_WARN__DUPLICATE_METHOD_MATCH = YES;
				CODE_SIGN_IDENTITY = "iPhone Developer";
				COPY_PHASE_STRIP = NO;
				DEBUG_INFORMATION_FORMAT = "dwarf-with-dsym";
				ENABLE_NS_ASSERTIONS = NO;
				ENABLE_STRICT_OBJC_MSGSEND = YES;
				GCC_C_LANGUAGE_STANDARD = gnu11;
				GCC_NO_COMMON_BLOCKS = YES;
				GCC_WARN_64_TO_32_BIT_CONVERSION = YES;
				GCC_WARN_ABOUT_RETURN_TYPE = YES_ERROR;
				GCC_WARN_UNDECLARED_SELECTOR = YES;
				GCC_WARN_UNINITIALIZED_AUTOS = YES_AGGRESSIVE;
				GCC_WARN_UNUSED_FUNCTION = YES;
				GCC_WARN_UNUSED_VARIABLE = YES;
				IPHONEOS_DEPLOYMENT_TARGET = 12.2;
				MTL_ENABLE_DEBUG_INFO = NO;
				MTL_FAST_MATH = YES;
				SDKROOT = iphoneos;
				SWIFT_COMPILATION_MODE = wholemodule;
				SWIFT_OPTIMIZATION_LEVEL = "-O";
				VALIDATE_PRODUCT = YES;
			};
			name = Release;
		};
		620E429F2440736200885A2F /* Debug */ = {
			isa = XCBuildConfiguration;
			buildSettings = {
				ASSETCATALOG_COMPILER_APPICON_NAME = AppIcon;
				CODE_SIGN_STYLE = Automatic;
				INFOPLIST_FILE = MvvmProject/Info.plist;
				LD_RUNPATH_SEARCH_PATHS = (
					"$(inherited)",
					"@executable_path/Frameworks",
				);
				PRODUCT_BUNDLE_IDENTIFIER = com.ravindra.MvvmProject;
				PRODUCT_NAME = "$(TARGET_NAME)";
				SWIFT_VERSION = 5.0;
				TARGETED_DEVICE_FAMILY = "1,2";
			};
			name = Debug;
		};
		620E42A02440736200885A2F /* Release */ = {
			isa = XCBuildConfiguration;
			buildSettings = {
				ASSETCATALOG_COMPILER_APPICON_NAME = AppIcon;
				CODE_SIGN_STYLE = Automatic;
				INFOPLIST_FILE = MvvmProject/Info.plist;
				LD_RUNPATH_SEARCH_PATHS = (
					"$(inherited)",
					"@executable_path/Frameworks",
				);
				PRODUCT_BUNDLE_IDENTIFIER = com.ravindra.MvvmProject;
				PRODUCT_NAME = "$(TARGET_NAME)";
				SWIFT_VERSION = 5.0;
				TARGETED_DEVICE_FAMILY = "1,2";
			};
			name = Release;
		};
/* End XCBuildConfiguration section */

/* Begin XCConfigurationList section */
		620E42872440735F00885A2F /* Build configuration list for PBXProject "MvvmProject" */ = {
			isa = XCConfigurationList;
			buildConfigurations = (
				620E429C2440736200885A2F /* Debug */,
				620E429D2440736200885A2F /* Release */,
			);
			defaultConfigurationIsVisible = 0;
			defaultConfigurationName = Release;
		};
		620E429E2440736200885A2F /* Build configuration list for PBXNativeTarget "MvvmProject" */ = {
			isa = XCConfigurationList;
			buildConfigurations = (
				620E429F2440736200885A2F /* Debug */,
				620E42A02440736200885A2F /* Release */,
			);
			defaultConfigurationIsVisible = 0;
			defaultConfigurationName = Release;
		};
/* End XCConfigurationList section */
	};
	rootObject = 620E42842440735F00885A2F /* Project object */;
}
